
Microsoft Visual Studio Solution File, Format Version 12.00
# Visual Studio 14
VisualStudioVersion = 14.0.23107.0
MinimumVisualStudioVersion = 10.0.40219.1
Project("{2150E333-8FDC-42A3-9474-1A3956D46DE8}") = "Engine", "Engine", "{A6533823-A64A-441C-B7A2-7B2772F87002}"
EndProject
Project("{FAE04EC0-301F-11D3-BF4B-00C04F79EFBC}") = "ProtoAssociative", "Engine\ProtoAssociative\ProtoAssociative.csproj", "{7318D5E5-9D15-4ABE-8A51-92F58D4F0B85}"
EndProject
Project("{FAE04EC0-301F-11D3-BF4B-00C04F79EFBC}") = "ProtoCore", "Engine\ProtoCore\ProtoCore.csproj", "{7A9E0314-966F-4584-BAA3-7339CBB849D1}"
EndProject
Project("{FAE04EC0-301F-11D3-BF4B-00C04F79EFBC}") = "ProtoImperative", "Engine\ProtoImperative\ProtoImperative.csproj", "{0D3D43DC-BD7E-46F0-93F7-1C6A6CC79948}"
EndProject
Project("{FAE04EC0-301F-11D3-BF4B-00C04F79EFBC}") = "ProtoScript", "Engine\ProtoScript\ProtoScript.csproj", "{A4794476-7D0E-41C0-AD83-4AB929C0A46C}"
EndProject
Project("{2150E333-8FDC-42A3-9474-1A3956D46DE8}") = "Tests", "Tests", "{F4D44BC0-32CF-4E58-AD2A-F19CE1450B00}"
EndProject
Project("{2150E333-8FDC-42A3-9474-1A3956D46DE8}") = "Engine", "Engine", "{0355EB79-6961-4B8A-8F66-035D4EC0C9FE}"
EndProject
Project("{FAE04EC0-301F-11D3-BF4B-00C04F79EFBC}") = "ProtoTest", "..\test\Engine\ProtoTest\ProtoTest.csproj", "{6E1177DB-5E4F-4E2E-82E7-902437E56AED}"
EndProject
Project("{FAE04EC0-301F-11D3-BF4B-00C04F79EFBC}") = "ProtoTestFx", "..\test\Engine\ProtoTestFx\ProtoTestFx.csproj", "{2235F7CA-AB25-4177-92BC-4B574D2D5DF6}"
EndProject
Project("{FAE04EC0-301F-11D3-BF4B-00C04F79EFBC}") = "ProtoTestConsoleRunner", "..\test\Engine\ProtoTestConsoleRunner\ProtoTestConsoleRunner.csproj", "{672BF8EC-1116-49F6-B253-DFCE5CF7D4C9}"
EndProject
Project("{FAE04EC0-301F-11D3-BF4B-00C04F79EFBC}") = "GraphLayout", "Engine\GraphLayout\GraphLayout.csproj", "{C2595B04-856D-40AE-8B99-4804C7A70708}"
EndProject
Project("{2150E333-8FDC-42A3-9474-1A3956D46DE8}") = "TestDS", "TestDS", "{7ADDE12F-3B1E-4160-B41B-F65992763E69}"
	ProjectSection(SolutionItems) = preProject
		..\test\Engine\TestDS\test.ds = ..\test\Engine\TestDS\test.ds
	EndProjectSection
EndProject
Project("{FAE04EC0-301F-11D3-BF4B-00C04F79EFBC}") = "FFITarget", "..\test\Engine\FFITarget\FFITarget.csproj", "{C70FE632-5500-4C57-B3D6-9B5574137551}"
EndProject
Global
	GlobalSection(SolutionConfigurationPlatforms) = preSolution
		Debug|Any CPU = Debug|Any CPU
		Debug|x64 = Debug|x64
		Debug|x86 = Debug|x86
		Release|Any CPU = Release|Any CPU
		Release|x64 = Release|x64
		Release|x86 = Release|x86
	EndGlobalSection
	GlobalSection(ProjectConfigurationPlatforms) = postSolution
		{7318D5E5-9D15-4ABE-8A51-92F58D4F0B85}.Debug|Any CPU.ActiveCfg = Debug|Any CPU
		{7318D5E5-9D15-4ABE-8A51-92F58D4F0B85}.Debug|Any CPU.Build.0 = Debug|Any CPU
		{7318D5E5-9D15-4ABE-8A51-92F58D4F0B85}.Debug|x64.ActiveCfg = Debug|x64
		{7318D5E5-9D15-4ABE-8A51-92F58D4F0B85}.Debug|x64.Build.0 = Debug|x64
		{7318D5E5-9D15-4ABE-8A51-92F58D4F0B85}.Debug|x86.ActiveCfg = Debug|x86
		{7318D5E5-9D15-4ABE-8A51-92F58D4F0B85}.Debug|x86.Build.0 = Debug|x86
		{7318D5E5-9D15-4ABE-8A51-92F58D4F0B85}.Release|Any CPU.ActiveCfg = Release|Any CPU
		{7318D5E5-9D15-4ABE-8A51-92F58D4F0B85}.Release|Any CPU.Build.0 = Release|Any CPU
		{7318D5E5-9D15-4ABE-8A51-92F58D4F0B85}.Release|x64.ActiveCfg = Release|x64
		{7318D5E5-9D15-4ABE-8A51-92F58D4F0B85}.Release|x64.Build.0 = Release|x64
		{7318D5E5-9D15-4ABE-8A51-92F58D4F0B85}.Release|x86.ActiveCfg = Release|x86
		{7318D5E5-9D15-4ABE-8A51-92F58D4F0B85}.Release|x86.Build.0 = Release|x86
		{7A9E0314-966F-4584-BAA3-7339CBB849D1}.Debug|Any CPU.ActiveCfg = Debug|Any CPU
		{7A9E0314-966F-4584-BAA3-7339CBB849D1}.Debug|Any CPU.Build.0 = Debug|Any CPU
		{7A9E0314-966F-4584-BAA3-7339CBB849D1}.Debug|x64.ActiveCfg = Debug|x64
		{7A9E0314-966F-4584-BAA3-7339CBB849D1}.Debug|x64.Build.0 = Debug|x64
		{7A9E0314-966F-4584-BAA3-7339CBB849D1}.Debug|x86.ActiveCfg = Debug|x86
		{7A9E0314-966F-4584-BAA3-7339CBB849D1}.Debug|x86.Build.0 = Debug|x86
		{7A9E0314-966F-4584-BAA3-7339CBB849D1}.Release|Any CPU.ActiveCfg = Release|Any CPU
		{7A9E0314-966F-4584-BAA3-7339CBB849D1}.Release|Any CPU.Build.0 = Release|Any CPU
		{7A9E0314-966F-4584-BAA3-7339CBB849D1}.Release|x64.ActiveCfg = Release|x64
		{7A9E0314-966F-4584-BAA3-7339CBB849D1}.Release|x64.Build.0 = Release|x64
		{7A9E0314-966F-4584-BAA3-7339CBB849D1}.Release|x86.ActiveCfg = Release|x86
		{7A9E0314-966F-4584-BAA3-7339CBB849D1}.Release|x86.Build.0 = Release|x86
		{0D3D43DC-BD7E-46F0-93F7-1C6A6CC79948}.Debug|Any CPU.ActiveCfg = Debug|Any CPU
		{0D3D43DC-BD7E-46F0-93F7-1C6A6CC79948}.Debug|Any CPU.Build.0 = Debug|Any CPU
		{0D3D43DC-BD7E-46F0-93F7-1C6A6CC79948}.Debug|x64.ActiveCfg = Debug|x64
		{0D3D43DC-BD7E-46F0-93F7-1C6A6CC79948}.Debug|x64.Build.0 = Debug|x64
		{0D3D43DC-BD7E-46F0-93F7-1C6A6CC79948}.Debug|x86.ActiveCfg = Debug|x86
		{0D3D43DC-BD7E-46F0-93F7-1C6A6CC79948}.Debug|x86.Build.0 = Debug|x86
		{0D3D43DC-BD7E-46F0-93F7-1C6A6CC79948}.Release|Any CPU.ActiveCfg = Release|Any CPU
		{0D3D43DC-BD7E-46F0-93F7-1C6A6CC79948}.Release|Any CPU.Build.0 = Release|Any CPU
		{0D3D43DC-BD7E-46F0-93F7-1C6A6CC79948}.Release|x64.ActiveCfg = Release|x64
		{0D3D43DC-BD7E-46F0-93F7-1C6A6CC79948}.Release|x64.Build.0 = Release|x64
		{0D3D43DC-BD7E-46F0-93F7-1C6A6CC79948}.Release|x86.ActiveCfg = Release|x86
		{0D3D43DC-BD7E-46F0-93F7-1C6A6CC79948}.Release|x86.Build.0 = Release|x86
		{A4794476-7D0E-41C0-AD83-4AB929C0A46C}.Debug|Any CPU.ActiveCfg = Debug|Any CPU
		{A4794476-7D0E-41C0-AD83-4AB929C0A46C}.Debug|Any CPU.Build.0 = Debug|Any CPU
		{A4794476-7D0E-41C0-AD83-4AB929C0A46C}.Debug|x64.ActiveCfg = Debug|x64
		{A4794476-7D0E-41C0-AD83-4AB929C0A46C}.Debug|x64.Build.0 = Debug|x64
		{A4794476-7D0E-41C0-AD83-4AB929C0A46C}.Debug|x86.ActiveCfg = Debug|x86
		{A4794476-7D0E-41C0-AD83-4AB929C0A46C}.Debug|x86.Build.0 = Debug|x86
		{A4794476-7D0E-41C0-AD83-4AB929C0A46C}.Release|Any CPU.ActiveCfg = Release|Any CPU
		{A4794476-7D0E-41C0-AD83-4AB929C0A46C}.Release|Any CPU.Build.0 = Release|Any CPU
		{A4794476-7D0E-41C0-AD83-4AB929C0A46C}.Release|x64.ActiveCfg = Release|x64
		{A4794476-7D0E-41C0-AD83-4AB929C0A46C}.Release|x64.Build.0 = Release|x64
		{A4794476-7D0E-41C0-AD83-4AB929C0A46C}.Release|x86.ActiveCfg = Release|x86
		{A4794476-7D0E-41C0-AD83-4AB929C0A46C}.Release|x86.Build.0 = Release|x86
		{6E1177DB-5E4F-4E2E-82E7-902437E56AED}.Debug|Any CPU.ActiveCfg = Debug|Any CPU
		{6E1177DB-5E4F-4E2E-82E7-902437E56AED}.Debug|Any CPU.Build.0 = Debug|Any CPU
		{6E1177DB-5E4F-4E2E-82E7-902437E56AED}.Debug|x64.ActiveCfg = Debug|x64
		{6E1177DB-5E4F-4E2E-82E7-902437E56AED}.Debug|x64.Build.0 = Debug|x64
		{6E1177DB-5E4F-4E2E-82E7-902437E56AED}.Debug|x86.ActiveCfg = Debug|x86
		{6E1177DB-5E4F-4E2E-82E7-902437E56AED}.Debug|x86.Build.0 = Debug|x86
		{6E1177DB-5E4F-4E2E-82E7-902437E56AED}.Release|Any CPU.ActiveCfg = Release|Any CPU
		{6E1177DB-5E4F-4E2E-82E7-902437E56AED}.Release|Any CPU.Build.0 = Release|Any CPU
		{6E1177DB-5E4F-4E2E-82E7-902437E56AED}.Release|x64.ActiveCfg = Release|x64
		{6E1177DB-5E4F-4E2E-82E7-902437E56AED}.Release|x64.Build.0 = Release|x64
		{6E1177DB-5E4F-4E2E-82E7-902437E56AED}.Release|x86.ActiveCfg = Release|x86
		{6E1177DB-5E4F-4E2E-82E7-902437E56AED}.Release|x86.Build.0 = Release|x86
		{2235F7CA-AB25-4177-92BC-4B574D2D5DF6}.Debug|Any CPU.ActiveCfg = Debug|Any CPU
		{2235F7CA-AB25-4177-92BC-4B574D2D5DF6}.Debug|Any CPU.Build.0 = Debug|Any CPU
		{2235F7CA-AB25-4177-92BC-4B574D2D5DF6}.Debug|x64.ActiveCfg = Debug|x64
		{2235F7CA-AB25-4177-92BC-4B574D2D5DF6}.Debug|x64.Build.0 = Debug|x64
		{2235F7CA-AB25-4177-92BC-4B574D2D5DF6}.Debug|x86.ActiveCfg = Debug|x86
		{2235F7CA-AB25-4177-92BC-4B574D2D5DF6}.Debug|x86.Build.0 = Debug|x86
		{2235F7CA-AB25-4177-92BC-4B574D2D5DF6}.Release|Any CPU.ActiveCfg = Release|Any CPU
		{2235F7CA-AB25-4177-92BC-4B574D2D5DF6}.Release|Any CPU.Build.0 = Release|Any CPU
		{2235F7CA-AB25-4177-92BC-4B574D2D5DF6}.Release|x64.ActiveCfg = Release|x64
		{2235F7CA-AB25-4177-92BC-4B574D2D5DF6}.Release|x64.Build.0 = Release|x64
		{2235F7CA-AB25-4177-92BC-4B574D2D5DF6}.Release|x86.ActiveCfg = Release|x86
		{2235F7CA-AB25-4177-92BC-4B574D2D5DF6}.Release|x86.Build.0 = Release|x86
		{672BF8EC-1116-49F6-B253-DFCE5CF7D4C9}.Debug|Any CPU.ActiveCfg = Debug|Any CPU
		{672BF8EC-1116-49F6-B253-DFCE5CF7D4C9}.Debug|Any CPU.Build.0 = Debug|Any CPU
		{672BF8EC-1116-49F6-B253-DFCE5CF7D4C9}.Debug|x64.ActiveCfg = Debug|x64
		{672BF8EC-1116-49F6-B253-DFCE5CF7D4C9}.Debug|x64.Build.0 = Debug|x64
		{672BF8EC-1116-49F6-B253-DFCE5CF7D4C9}.Debug|x86.ActiveCfg = Debug|x86
		{672BF8EC-1116-49F6-B253-DFCE5CF7D4C9}.Debug|x86.Build.0 = Debug|x86
		{672BF8EC-1116-49F6-B253-DFCE5CF7D4C9}.Release|Any CPU.ActiveCfg = Release|Any CPU
		{672BF8EC-1116-49F6-B253-DFCE5CF7D4C9}.Release|Any CPU.Build.0 = Release|Any CPU
		{672BF8EC-1116-49F6-B253-DFCE5CF7D4C9}.Release|x64.ActiveCfg = Release|x64
		{672BF8EC-1116-49F6-B253-DFCE5CF7D4C9}.Release|x64.Build.0 = Release|x64
		{672BF8EC-1116-49F6-B253-DFCE5CF7D4C9}.Release|x86.ActiveCfg = Release|x86
		{672BF8EC-1116-49F6-B253-DFCE5CF7D4C9}.Release|x86.Build.0 = Release|x86
		{C2595B04-856D-40AE-8B99-4804C7A70708}.Debug|Any CPU.ActiveCfg = Debug|Any CPU
		{C2595B04-856D-40AE-8B99-4804C7A70708}.Debug|Any CPU.Build.0 = Debug|Any CPU
		{C2595B04-856D-40AE-8B99-4804C7A70708}.Debug|x64.ActiveCfg = Debug|Any CPU
		{C2595B04-856D-40AE-8B99-4804C7A70708}.Debug|x64.Build.0 = Debug|Any CPU
		{C2595B04-856D-40AE-8B99-4804C7A70708}.Debug|x86.ActiveCfg = Debug|Any CPU
		{C2595B04-856D-40AE-8B99-4804C7A70708}.Debug|x86.Build.0 = Debug|Any CPU
		{C2595B04-856D-40AE-8B99-4804C7A70708}.Release|Any CPU.ActiveCfg = Release|Any CPU
		{C2595B04-856D-40AE-8B99-4804C7A70708}.Release|Any CPU.Build.0 = Release|Any CPU
		{C2595B04-856D-40AE-8B99-4804C7A70708}.Release|x64.ActiveCfg = Release|Any CPU
		{C2595B04-856D-40AE-8B99-4804C7A70708}.Release|x64.Build.0 = Release|Any CPU
		{C2595B04-856D-40AE-8B99-4804C7A70708}.Release|x86.ActiveCfg = Release|Any CPU
		{C2595B04-856D-40AE-8B99-4804C7A70708}.Release|x86.Build.0 = Release|Any CPU
		{C70FE632-5500-4C57-B3D6-9B5574137551}.Debug|Any CPU.ActiveCfg = Debug|Any CPU
		{C70FE632-5500-4C57-B3D6-9B5574137551}.Debug|Any CPU.Build.0 = Debug|Any CPU
		{C70FE632-5500-4C57-B3D6-9B5574137551}.Debug|x64.ActiveCfg = Debug|Any CPU
		{C70FE632-5500-4C57-B3D6-9B5574137551}.Debug|x64.Build.0 = Debug|Any CPU
		{C70FE632-5500-4C57-B3D6-9B5574137551}.Debug|x86.ActiveCfg = Debug|Any CPU
		{C70FE632-5500-4C57-B3D6-9B5574137551}.Debug|x86.Build.0 = Debug|Any CPU
		{C70FE632-5500-4C57-B3D6-9B5574137551}.Release|Any CPU.ActiveCfg = Release|Any CPU
		{C70FE632-5500-4C57-B3D6-9B5574137551}.Release|Any CPU.Build.0 = Release|Any CPU
		{C70FE632-5500-4C57-B3D6-9B5574137551}.Release|x64.ActiveCfg = Release|Any CPU
		{C70FE632-5500-4C57-B3D6-9B5574137551}.Release|x64.Build.0 = Release|Any CPU
		{C70FE632-5500-4C57-B3D6-9B5574137551}.Release|x86.ActiveCfg = Release|Any CPU
		{C70FE632-5500-4C57-B3D6-9B5574137551}.Release|x86.Build.0 = Release|Any CPU
	EndGlobalSection
	GlobalSection(SolutionProperties) = preSolution
		HideSolutionNode = FALSE
	EndGlobalSection
	GlobalSection(NestedProjects) = preSolution
		{7318D5E5-9D15-4ABE-8A51-92F58D4F0B85} = {A6533823-A64A-441C-B7A2-7B2772F87002}
		{7A9E0314-966F-4584-BAA3-7339CBB849D1} = {A6533823-A64A-441C-B7A2-7B2772F87002}
		{0D3D43DC-BD7E-46F0-93F7-1C6A6CC79948} = {A6533823-A64A-441C-B7A2-7B2772F87002}
		{A4794476-7D0E-41C0-AD83-4AB929C0A46C} = {A6533823-A64A-441C-B7A2-7B2772F87002}
		{0355EB79-6961-4B8A-8F66-035D4EC0C9FE} = {F4D44BC0-32CF-4E58-AD2A-F19CE1450B00}
		{6E1177DB-5E4F-4E2E-82E7-902437E56AED} = {0355EB79-6961-4B8A-8F66-035D4EC0C9FE}
		{2235F7CA-AB25-4177-92BC-4B574D2D5DF6} = {0355EB79-6961-4B8A-8F66-035D4EC0C9FE}
		{672BF8EC-1116-49F6-B253-DFCE5CF7D4C9} = {0355EB79-6961-4B8A-8F66-035D4EC0C9FE}
		{C2595B04-856D-40AE-8B99-4804C7A70708} = {A6533823-A64A-441C-B7A2-7B2772F87002}
		{7ADDE12F-3B1E-4160-B41B-F65992763E69} = {0355EB79-6961-4B8A-8F66-035D4EC0C9FE}
		{C70FE632-5500-4C57-B3D6-9B5574137551} = {0355EB79-6961-4B8A-8F66-035D4EC0C9FE}
	EndGlobalSection
EndGlobal
